// !$*UTF8*$!
{
	archiveVersion = 1;
	classes = {
	};
	objectVersion = 77;
	objects = {

/* Begin PBXBuildFile section */
		A72A6B392DB500160094FC9E /* Supabase in Frameworks */ = {isa = PBXBuildFile; productRef = A72A6B382DB500160094FC9E /* Supabase */; };
		A7B966312DB59BD900927924 /* SupabaseCredentials.plist in Resources */ = {isa = PBXBuildFile; fileRef = A7B966302DB59BCB00927924 /* SupabaseCredentials.plist */; };
/* End PBXBuildFile section */

/* Begin PBXContainerItemProxy section */
		A736A81E2DB2519E00ED0B6F /* PBXContainerItemProxy */ = {
			isa = PBXContainerItemProxy;
			containerPortal = A736A8082DB2519E00ED0B6F /* Project object */;
			proxyType = 1;
			remoteGlobalIDString = A736A80F2DB2519E00ED0B6F;
			remoteInfo = Bluebird;
		};
		A736A8282DB2519E00ED0B6F /* PBXContainerItemProxy */ = {
			isa = PBXContainerItemProxy;
			containerPortal = A736A8082DB2519E00ED0B6F /* Project object */;
			proxyType = 1;
			remoteGlobalIDString = A736A80F2DB2519E00ED0B6F;
			remoteInfo = Bluebird;
		};
/* End PBXContainerItemProxy section */

/* Begin PBXFileReference section */
		A736A8102DB2519E00ED0B6F /* Bluebird.app */ = {isa = PBXFileReference; explicitFileType = wrapper.application; includeInIndex = 0; path = Bluebird.app; sourceTree = BUILT_PRODUCTS_DIR; };
		A736A81D2DB2519E00ED0B6F /* BluebirdTests.xctest */ = {isa = PBXFileReference; explicitFileType = wrapper.cfbundle; includeInIndex = 0; path = BluebirdTests.xctest; sourceTree = BUILT_PRODUCTS_DIR; };
		A736A8272DB2519E00ED0B6F /* BluebirdUITests.xctest */ = {isa = PBXFileReference; explicitFileType = wrapper.cfbundle; includeInIndex = 0; path = BluebirdUITests.xctest; sourceTree = BUILT_PRODUCTS_DIR; };
		A7B966302DB59BCB00927924 /* SupabaseCredentials.plist */ = {isa = PBXFileReference; lastKnownFileType = text.plist; path = SupabaseCredentials.plist; sourceTree = "<group>"; };
/* End PBXFileReference section */

/* Begin PBXFileSystemSynchronizedRootGroup section */
		A736A8122DB2519E00ED0B6F /* Bluebird */ = {
			isa = PBXFileSystemSynchronizedRootGroup;
			path = Bluebird;
			sourceTree = "<group>";
		};
		A736A8202DB2519E00ED0B6F /* BluebirdTests */ = {
			isa = PBXFileSystemSynchronizedRootGroup;
			path = BluebirdTests;
			sourceTree = "<group>";
		};
		A736A82A2DB2519E00ED0B6F /* BluebirdUITests */ = {
			isa = PBXFileSystemSynchronizedRootGroup;
			path = BluebirdUITests;
			sourceTree = "<group>";
		};
/* End PBXFileSystemSynchronizedRootGroup section */

/* Begin PBXFrameworksBuildPhase section */
		A736A80D2DB2519E00ED0B6F /* Frameworks */ = {
			isa = PBXFrameworksBuildPhase;
			buildActionMask = 2147483647;
			files = (
				A72A6B392DB500160094FC9E /* Supabase in Frameworks */,
			);
			runOnlyForDeploymentPostprocessing = 0;
		};
		A736A81A2DB2519E00ED0B6F /* Frameworks */ = {
			isa = PBXFrameworksBuildPhase;
			buildActionMask = 2147483647;
			files = (
			);
			runOnlyForDeploymentPostprocessing = 0;
		};
		A736A8242DB2519E00ED0B6F /* Frameworks */ = {
			isa = PBXFrameworksBuildPhase;
			buildActionMask = 2147483647;
			files = (
			);
			runOnlyForDeploymentPostprocessing = 0;
		};
/* End PBXFrameworksBuildPhase section */

/* Begin PBXGroup section */
		A736A8072DB2519E00ED0B6F = {
			isa = PBXGroup;
			children = (
				A736A8122DB2519E00ED0B6F /* Bluebird */,
				A736A8202DB2519E00ED0B6F /* BluebirdTests */,
				A736A82A2DB2519E00ED0B6F /* BluebirdUITests */,
				A736A8112DB2519E00ED0B6F /* Products */,
				A7B966302DB59BCB00927924 /* SupabaseCredentials.plist */,
			);
			sourceTree = "<group>";
		};
		A736A8112DB2519E00ED0B6F /* Products */ = {
			isa = PBXGroup;
			children = (
				A736A8102DB2519E00ED0B6F /* Bluebird.app */,
				A736A81D2DB2519E00ED0B6F /* BluebirdTests.xctest */,
				A736A8272DB2519E00ED0B6F /* BluebirdUITests.xctest */,
			);
			name = Products;
			sourceTree = "<group>";
		};
/* End PBXGroup section */

/* Begin PBXNativeTarget section */
		A736A80F2DB2519E00ED0B6F /* Bluebird */ = {
			isa = PBXNativeTarget;
			buildConfigurationList = A736A8312DB2519E00ED0B6F /* Build configuration list for PBXNativeTarget "Bluebird" */;
			buildPhases = (
				A736A80C2DB2519E00ED0B6F /* Sources */,
				A736A80D2DB2519E00ED0B6F /* Frameworks */,
				A736A80E2DB2519E00ED0B6F /* Resources */,
			);
			buildRules = (
			);
			dependencies = (
			);
			fileSystemSynchronizedGroups = (
				A736A8122DB2519E00ED0B6F /* Bluebird */,
			);
			name = Bluebird;
			packageProductDependencies = (
				A72A6B382DB500160094FC9E /* Supabase */,
			);
			productName = Bluebird;
			productReference = A736A8102DB2519E00ED0B6F /* Bluebird.app */;
			productType = "com.apple.product-type.application";
		};
		A736A81C2DB2519E00ED0B6F /* BluebirdTests */ = {
			isa = PBXNativeTarget;
			buildConfigurationList = A736A8342DB2519E00ED0B6F /* Build configuration list for PBXNativeTarget "BluebirdTests" */;
			buildPhases = (
				A736A8192DB2519E00ED0B6F /* Sources */,
				A736A81A2DB2519E00ED0B6F /* Frameworks */,
				A736A81B2DB2519E00ED0B6F /* Resources */,
			);
			buildRules = (
			);
			dependencies = (
				A736A81F2DB2519E00ED0B6F /* PBXTargetDependency */,
			);
			fileSystemSynchronizedGroups = (
				A736A8202DB2519E00ED0B6F /* BluebirdTests */,
			);
			name = BluebirdTests;
			packageProductDependencies = (
			);
			productName = BluebirdTests;
			productReference = A736A81D2DB2519E00ED0B6F /* BluebirdTests.xctest */;
			productType = "com.apple.product-type.bundle.unit-test";
		};
		A736A8262DB2519E00ED0B6F /* BluebirdUITests */ = {
			isa = PBXNativeTarget;
			buildConfigurationList = A736A8372DB2519E00ED0B6F /* Build configuration list for PBXNativeTarget "BluebirdUITests" */;
			buildPhases = (
				A736A8232DB2519E00ED0B6F /* Sources */,
				A736A8242DB2519E00ED0B6F /* Frameworks */,
				A736A8252DB2519E00ED0B6F /* Resources */,
			);
			buildRules = (
			);
			dependencies = (
				A736A8292DB2519E00ED0B6F /* PBXTargetDependency */,
			);
			fileSystemSynchronizedGroups = (
				A736A82A2DB2519E00ED0B6F /* BluebirdUITests */,
			);
			name = BluebirdUITests;
			packageProductDependencies = (
			);
			productName = BluebirdUITests;
			productReference = A736A8272DB2519E00ED0B6F /* BluebirdUITests.xctest */;
			productType = "com.apple.product-type.bundle.ui-testing";
		};
/* End PBXNativeTarget section */

/* Begin PBXProject section */
		A736A8082DB2519E00ED0B6F /* Project object */ = {
			isa = PBXProject;
			attributes = {
				BuildIndependentTargetsInParallel = 1;
				LastSwiftUpdateCheck = 1630;
				LastUpgradeCheck = 1630;
				TargetAttributes = {
					A736A80F2DB2519E00ED0B6F = {
						CreatedOnToolsVersion = 16.3;
					};
					A736A81C2DB2519E00ED0B6F = {
						CreatedOnToolsVersion = 16.3;
						TestTargetID = A736A80F2DB2519E00ED0B6F;
					};
					A736A8262DB2519E00ED0B6F = {
						CreatedOnToolsVersion = 16.3;
						TestTargetID = A736A80F2DB2519E00ED0B6F;
					};
				};
			};
			buildConfigurationList = A736A80B2DB2519E00ED0B6F /* Build configuration list for PBXProject "Bluebird" */;
			developmentRegion = en;
			hasScannedForEncodings = 0;
			knownRegions = (
				en,
				Base,
			);
			mainGroup = A736A8072DB2519E00ED0B6F;
			minimizedProjectReferenceProxies = 1;
			packageReferences = (
				A72A6B312DB4FEA30094FC9E /* XCRemoteSwiftPackageReference "supabase-swift" */,
			);
			preferredProjectObjectVersion = 77;
			productRefGroup = A736A8112DB2519E00ED0B6F /* Products */;
			projectDirPath = "";
			projectRoot = "";
			targets = (
				A736A80F2DB2519E00ED0B6F /* Bluebird */,
				A736A81C2DB2519E00ED0B6F /* BluebirdTests */,
				A736A8262DB2519E00ED0B6F /* BluebirdUITests */,
			);
		};
/* End PBXProject section */

/* Begin PBXResourcesBuildPhase section */
		A736A80E2DB2519E00ED0B6F /* Resources */ = {
			isa = PBXResourcesBuildPhase;
			buildActionMask = 2147483647;
			files = (
				A7B966312DB59BD900927924 /* SupabaseCredentials.plist in Resources */,
			);
			runOnlyForDeploymentPostprocessing = 0;
		};
		A736A81B2DB2519E00ED0B6F /* Resources */ = {
			isa = PBXResourcesBuildPhase;
			buildActionMask = 2147483647;
			files = (
			);
			runOnlyForDeploymentPostprocessing = 0;
		};
		A736A8252DB2519E00ED0B6F /* Resources */ = {
			isa = PBXResourcesBuildPhase;
			buildActionMask = 2147483647;
			files = (
			);
			runOnlyForDeploymentPostprocessing = 0;
		};
/* End PBXResourcesBuildPhase section */

/* Begin PBXSourcesBuildPhase section */
		A736A80C2DB2519E00ED0B6F /* Sources */ = {
			isa = PBXSourcesBuildPhase;
			buildActionMask = 2147483647;
			files = (
			);
			runOnlyForDeploymentPostprocessing = 0;
		};
		A736A8192DB2519E00ED0B6F /* Sources */ = {
			isa = PBXSourcesBuildPhase;
			buildActionMask = 2147483647;
			files = (
			);
			runOnlyForDeploymentPostprocessing = 0;
		};
		A736A8232DB2519E00ED0B6F /* Sources */ = {
			isa = PBXSourcesBuildPhase;
			buildActionMask = 2147483647;
			files = (
			);
			runOnlyForDeploymentPostprocessing = 0;
		};
/* End PBXSourcesBuildPhase section */

/* Begin PBXTargetDependency section */
		A736A81F2DB2519E00ED0B6F /* PBXTargetDependency */ = {
			isa = PBXTargetDependency;
			target = A736A80F2DB2519E00ED0B6F /* Bluebird */;
			targetProxy = A736A81E2DB2519E00ED0B6F /* PBXContainerItemProxy */;
		};
		A736A8292DB2519E00ED0B6F /* PBXTargetDependency */ = {
			isa = PBXTargetDependency;
			target = A736A80F2DB2519E00ED0B6F /* Bluebird */;
			targetProxy = A736A8282DB2519E00ED0B6F /* PBXContainerItemProxy */;
		};
/* End PBXTargetDependency section */

/* Begin XCBuildConfiguration section */
		A736A82F2DB2519E00ED0B6F /* Debug */ = {
			isa = XCBuildConfiguration;
			buildSettings = {
				ALWAYS_SEARCH_USER_PATHS = NO;
				ASSETCATALOG_COMPILER_GENERATE_SWIFT_ASSET_SYMBOL_EXTENSIONS = YES;
				CLANG_ANALYZER_NONNULL = YES;
				CLANG_ANALYZER_NUMBER_OBJECT_CONVERSION = YES_AGGRESSIVE;
				CLANG_CXX_LANGUAGE_STANDARD = "gnu++20";
				CLANG_ENABLE_MODULES = YES;
				CLANG_ENABLE_OBJC_ARC = YES;
				CLANG_ENABLE_OBJC_WEAK = YES;
				CLANG_WARN_BLOCK_CAPTURE_AUTORELEASING = YES;
				CLANG_WARN_BOOL_CONVERSION = YES;
				CLANG_WARN_COMMA = YES;
				CLANG_WARN_CONSTANT_CONVERSION = YES;
				CLANG_WARN_DEPRECATED_OBJC_IMPLEMENTATIONS = YES;
				CLANG_WARN_DIRECT_OBJC_ISA_USAGE = YES_ERROR;
				CLANG_WARN_DOCUMENTATION_COMMENTS = YES;
				CLANG_WARN_EMPTY_BODY = YES;
				CLANG_WARN_ENUM_CONVERSION = YES;
				CLANG_WARN_INFINITE_RECURSION = YES;
				CLANG_WARN_INT_CONVERSION = YES;
				CLANG_WARN_NON_LITERAL_NULL_CONVERSION = YES;
				CLANG_WARN_OBJC_IMPLICIT_RETAIN_SELF = YES;
				CLANG_WARN_OBJC_LITERAL_CONVERSION = YES;
				CLANG_WARN_OBJC_ROOT_CLASS = YES_ERROR;
				CLANG_WARN_QUOTED_INCLUDE_IN_FRAMEWORK_HEADER = YES;
				CLANG_WARN_RANGE_LOOP_ANALYSIS = YES;
				CLANG_WARN_STRICT_PROTOTYPES = YES;
				CLANG_WARN_SUSPICIOUS_MOVE = YES;
				CLANG_WARN_UNGUARDED_AVAILABILITY = YES_AGGRESSIVE;
				CLANG_WARN_UNREACHABLE_CODE = YES;
				CLANG_WARN__DUPLICATE_METHOD_MATCH = YES;
				COPY_PHASE_STRIP = NO;
				DEBUG_INFORMATION_FORMAT = dwarf;
				ENABLE_STRICT_OBJC_MSGSEND = YES;
				ENABLE_TESTABILITY = YES;
				ENABLE_USER_SCRIPT_SANDBOXING = YES;
				GCC_C_LANGUAGE_STANDARD = gnu17;
				GCC_DYNAMIC_NO_PIC = NO;
				GCC_NO_COMMON_BLOCKS = YES;
				GCC_OPTIMIZATION_LEVEL = 0;
				GCC_PREPROCESSOR_DEFINITIONS = (
					"DEBUG=1",
					"$(inherited)",
				);
				GCC_WARN_64_TO_32_BIT_CONVERSION = YES;
				GCC_WARN_ABOUT_RETURN_TYPE = YES_ERROR;
				GCC_WARN_UNDECLARED_SELECTOR = YES;
				GCC_WARN_UNINITIALIZED_AUTOS = YES_AGGRESSIVE;
				GCC_WARN_UNUSED_FUNCTION = YES;
				GCC_WARN_UNUSED_VARIABLE = YES;
				IPHONEOS_DEPLOYMENT_TARGET = 18.0;
				LOCALIZATION_PREFERS_STRING_CATALOGS = YES;
				MTL_ENABLE_DEBUG_INFO = INCLUDE_SOURCE;
				MTL_FAST_MATH = YES;
				ONLY_ACTIVE_ARCH = YES;
				SDKROOT = iphoneos;
				SWIFT_ACTIVE_COMPILATION_CONDITIONS = "DEBUG $(inherited)";
				SWIFT_OPTIMIZATION_LEVEL = "-Onone";
			};
			name = Debug;
		};
		A736A8302DB2519E00ED0B6F /* Release */ = {
			isa = XCBuildConfiguration;
			buildSettings = {
				ALWAYS_SEARCH_USER_PATHS = NO;
				ASSETCATALOG_COMPILER_GENERATE_SWIFT_ASSET_SYMBOL_EXTENSIONS = YES;
				CLANG_ANALYZER_NONNULL = YES;
				CLANG_ANALYZER_NUMBER_OBJECT_CONVERSION = YES_AGGRESSIVE;
				CLANG_CXX_LANGUAGE_STANDARD = "gnu++20";
				CLANG_ENABLE_MODULES = YES;
				CLANG_ENABLE_OBJC_ARC = YES;
				CLANG_ENABLE_OBJC_WEAK = YES;
				CLANG_WARN_BLOCK_CAPTURE_AUTORELEASING = YES;
				CLANG_WARN_BOOL_CONVERSION = YES;
				CLANG_WARN_COMMA = YES;
				CLANG_WARN_CONSTANT_CONVERSION = YES;
				CLANG_WARN_DEPRECATED_OBJC_IMPLEMENTATIONS = YES;
				CLANG_WARN_DIRECT_OBJC_ISA_USAGE = YES_ERROR;
				CLANG_WARN_DOCUMENTATION_COMMENTS = YES;
				CLANG_WARN_EMPTY_BODY = YES;
				CLANG_WARN_ENUM_CONVERSION = YES;
				CLANG_WARN_INFINITE_RECURSION = YES;
				CLANG_WARN_INT_CONVERSION = YES;
				CLANG_WARN_NON_LITERAL_NULL_CONVERSION = YES;
				CLANG_WARN_OBJC_IMPLICIT_RETAIN_SELF = YES;
				CLANG_WARN_OBJC_LITERAL_CONVERSION = YES;
				CLANG_WARN_OBJC_ROOT_CLASS = YES_ERROR;
				CLANG_WARN_QUOTED_INCLUDE_IN_FRAMEWORK_HEADER = YES;
				CLANG_WARN_RANGE_LOOP_ANALYSIS = YES;
				CLANG_WARN_STRICT_PROTOTYPES = YES;
				CLANG_WARN_SUSPICIOUS_MOVE = YES;
				CLANG_WARN_UNGUARDED_AVAILABILITY = YES_AGGRESSIVE;
				CLANG_WARN_UNREACHABLE_CODE = YES;
				CLANG_WARN__DUPLICATE_METHOD_MATCH = YES;
				COPY_PHASE_STRIP = NO;
				DEBUG_INFORMATION_FORMAT = "dwarf-with-dsym";
				ENABLE_NS_ASSERTIONS = NO;
				ENABLE_STRICT_OBJC_MSGSEND = YES;
				ENABLE_USER_SCRIPT_SANDBOXING = YES;
				GCC_C_LANGUAGE_STANDARD = gnu17;
				GCC_NO_COMMON_BLOCKS = YES;
				GCC_WARN_64_TO_32_BIT_CONVERSION = YES;
				GCC_WARN_ABOUT_RETURN_TYPE = YES_ERROR;
				GCC_WARN_UNDECLARED_SELECTOR = YES;
				GCC_WARN_UNINITIALIZED_AUTOS = YES_AGGRESSIVE;
				GCC_WARN_UNUSED_FUNCTION = YES;
				GCC_WARN_UNUSED_VARIABLE = YES;
				IPHONEOS_DEPLOYMENT_TARGET = 18.0;
				LOCALIZATION_PREFERS_STRING_CATALOGS = YES;
				MTL_ENABLE_DEBUG_INFO = NO;
				MTL_FAST_MATH = YES;
				SDKROOT = iphoneos;
				SWIFT_COMPILATION_MODE = wholemodule;
				VALIDATE_PRODUCT = YES;
			};
			name = Release;
		};
		A736A8322DB2519E00ED0B6F /* Debug */ = {
			isa = XCBuildConfiguration;
			buildSettings = {
				ASSETCATALOG_COMPILER_APPICON_NAME = AppIcon;
				ASSETCATALOG_COMPILER_GLOBAL_ACCENT_COLOR_NAME = AccentColor;
				CODE_SIGN_STYLE = Automatic;
				CURRENT_PROJECT_VERSION = 1;
				ENABLE_PREVIEWS = YES;
				GENERATE_INFOPLIST_FILE = YES;
				INFOPLIST_KEY_UIApplicationSceneManifest_Generation = YES;
				INFOPLIST_KEY_UIApplicationSupportsIndirectInputEvents = YES;
				INFOPLIST_KEY_UILaunchScreen_Generation = YES;
				INFOPLIST_KEY_UISupportedInterfaceOrientations_iPad = "UIInterfaceOrientationPortrait UIInterfaceOrientationPortraitUpsideDown UIInterfaceOrientationLandscapeLeft UIInterfaceOrientationLandscapeRight";
				INFOPLIST_KEY_UISupportedInterfaceOrientations_iPhone = "UIInterfaceOrientationPortrait UIInterfaceOrientationLandscapeLeft UIInterfaceOrientationLandscapeRight";
				IPHONEOS_DEPLOYMENT_TARGET = 18.0;
				LD_RUNPATH_SEARCH_PATHS = (
					"$(inherited)",
					"@executable_path/Frameworks",
				);
				MARKETING_VERSION = 1.0;
				PRODUCT_BUNDLE_IDENTIFIER = fergusjj.Bluebird;
				PRODUCT_NAME = "$(TARGET_NAME)";
				SWIFT_EMIT_LOC_STRINGS = YES;
				SWIFT_VERSION = 5.0;
				TARGETED_DEVICE_FAMILY = "1,2";
			};
			name = Debug;
		};
		A736A8332DB2519E00ED0B6F /* Release */ = {
			isa = XCBuildConfiguration;
			buildSettings = {
				ASSETCATALOG_COMPILER_APPICON_NAME = AppIcon;
				ASSETCATALOG_COMPILER_GLOBAL_ACCENT_COLOR_NAME = AccentColor;
				CODE_SIGN_STYLE = Automatic;
				CURRENT_PROJECT_VERSION = 1;
				ENABLE_PREVIEWS = YES;
				GENERATE_INFOPLIST_FILE = YES;
				INFOPLIST_KEY_UIApplicationSceneManifest_Generation = YES;
				INFOPLIST_KEY_UIApplicationSupportsIndirectInputEvents = YES;
				INFOPLIST_KEY_UILaunchScreen_Generation = YES;
				INFOPLIST_KEY_UISupportedInterfaceOrientations_iPad = "UIInterfaceOrientationPortrait UIInterfaceOrientationPortraitUpsideDown UIInterfaceOrientationLandscapeLeft UIInterfaceOrientationLandscapeRight";
				INFOPLIST_KEY_UISupportedInterfaceOrientations_iPhone = "UIInterfaceOrientationPortrait UIInterfaceOrientationLandscapeLeft UIInterfaceOrientationLandscapeRight";
				IPHONEOS_DEPLOYMENT_TARGET = 18.0;
				LD_RUNPATH_SEARCH_PATHS = (
					"$(inherited)",
					"@executable_path/Frameworks",
				);
				MARKETING_VERSION = 1.0;
				PRODUCT_BUNDLE_IDENTIFIER = fergusjj.Bluebird;
				PRODUCT_NAME = "$(TARGET_NAME)";
				SWIFT_EMIT_LOC_STRINGS = YES;
				SWIFT_VERSION = 5.0;
				TARGETED_DEVICE_FAMILY = "1,2";
			};
			name = Release;
		};
		A736A8352DB2519E00ED0B6F /* Debug */ = {
			isa = XCBuildConfiguration;
			buildSettings = {
				BUNDLE_LOADER = "$(TEST_HOST)";
				CODE_SIGN_STYLE = Automatic;
				CURRENT_PROJECT_VERSION = 1;
				GENERATE_INFOPLIST_FILE = YES;
				IPHONEOS_DEPLOYMENT_TARGET = 18.0;
				MARKETING_VERSION = 1.0;
				PRODUCT_BUNDLE_IDENTIFIER = fergusjj.BluebirdTests;
				PRODUCT_NAME = "$(TARGET_NAME)";
				SWIFT_EMIT_LOC_STRINGS = NO;
				SWIFT_VERSION = 5.0;
				TARGETED_DEVICE_FAMILY = "1,2";
				TEST_HOST = "$(BUILT_PRODUCTS_DIR)/Bluebird.app/$(BUNDLE_EXECUTABLE_FOLDER_PATH)/Bluebird";
			};
			name = Debug;
		};
		A736A8362DB2519E00ED0B6F /* Release */ = {
			isa = XCBuildConfiguration;
			buildSettings = {
				BUNDLE_LOADER = "$(TEST_HOST)";
				CODE_SIGN_STYLE = Automatic;
				CURRENT_PROJECT_VERSION = 1;
				GENERATE_INFOPLIST_FILE = YES;
				IPHONEOS_DEPLOYMENT_TARGET = 18.0;
				MARKETING_VERSION = 1.0;
				PRODUCT_BUNDLE_IDENTIFIER = fergusjj.BluebirdTests;
				PRODUCT_NAME = "$(TARGET_NAME)";
				SWIFT_EMIT_LOC_STRINGS = NO;
				SWIFT_VERSION = 5.0;
				TARGETED_DEVICE_FAMILY = "1,2";
				TEST_HOST = "$(BUILT_PRODUCTS_DIR)/Bluebird.app/$(BUNDLE_EXECUTABLE_FOLDER_PATH)/Bluebird";
			};
			name = Release;
		};
		A736A8382DB2519E00ED0B6F /* Debug */ = {
			isa = XCBuildConfiguration;
			buildSettings = {
				CODE_SIGN_STYLE = Automatic;
				CURRENT_PROJECT_VERSION = 1;
				GENERATE_INFOPLIST_FILE = YES;
				MARKETING_VERSION = 1.0;
				PRODUCT_BUNDLE_IDENTIFIER = fergusjj.BluebirdUITests;
				PRODUCT_NAME = "$(TARGET_NAME)";
				SWIFT_EMIT_LOC_STRINGS = NO;
				SWIFT_VERSION = 5.0;
				TARGETED_DEVICE_FAMILY = "1,2";
				TEST_TARGET_NAME = Bluebird;
			};
			name = Debug;
		};
		A736A8392DB2519E00ED0B6F /* Release */ = {
			isa = XCBuildConfiguration;
			buildSettings = {
				CODE_SIGN_STYLE = Automatic;
				CURRENT_PROJECT_VERSION = 1;
				GENERATE_INFOPLIST_FILE = YES;
				MARKETING_VERSION = 1.0;
				PRODUCT_BUNDLE_IDENTIFIER = fergusjj.BluebirdUITests;
				PRODUCT_NAME = "$(TARGET_NAME)";
				SWIFT_EMIT_LOC_STRINGS = NO;
				SWIFT_VERSION = 5.0;
				TARGETED_DEVICE_FAMILY = "1,2";
				TEST_TARGET_NAME = Bluebird;
			};
			name = Release;
		};
/* End XCBuildConfiguration section */

/* Begin XCConfigurationList section */
		A736A80B2DB2519E00ED0B6F /* Build configuration list for PBXProject "Bluebird" */ = {
			isa = XCConfigurationList;
			buildConfigurations = (
				A736A82F2DB2519E00ED0B6F /* Debug */,
				A736A8302DB2519E00ED0B6F /* Release */,
			);
			defaultConfigurationIsVisible = 0;
			defaultConfigurationName = Release;
		};
		A736A8312DB2519E00ED0B6F /* Build configuration list for PBXNativeTarget "Bluebird" */ = {
			isa = XCConfigurationList;
			buildConfigurations = (
				A736A8322DB2519E00ED0B6F /* Debug */,
				A736A8332DB2519E00ED0B6F /* Release */,
			);
			defaultConfigurationIsVisible = 0;
			defaultConfigurationName = Release;
		};
		A736A8342DB2519E00ED0B6F /* Build configuration list for PBXNativeTarget "BluebirdTests" */ = {
			isa = XCConfigurationList;
			buildConfigurations = (
				A736A8352DB2519E00ED0B6F /* Debug */,
				A736A8362DB2519E00ED0B6F /* Release */,
			);
			defaultConfigurationIsVisible = 0;
			defaultConfigurationName = Release;
		};
		A736A8372DB2519E00ED0B6F /* Build configuration list for PBXNativeTarget "BluebirdUITests" */ = {
			isa = XCConfigurationList;
			buildConfigurations = (
				A736A8382DB2519E00ED0B6F /* Debug */,
				A736A8392DB2519E00ED0B6F /* Release */,
			);
			defaultConfigurationIsVisible = 0;
			defaultConfigurationName = Release;
		};
/* End XCConfigurationList section */

/* Begin XCRemoteSwiftPackageReference section */
		A72A6B312DB4FEA30094FC9E /* XCRemoteSwiftPackageReference "supabase-swift" */ = {
			isa = XCRemoteSwiftPackageReference;
			repositoryURL = "https://github.com/supabase-community/supabase-swift";
			requirement = {
				kind = upToNextMajorVersion;
				minimumVersion = 2.5.1;
			};
		};
/* End XCRemoteSwiftPackageReference section */

/* Begin XCSwiftPackageProductDependency section */
		A72A6B382DB500160094FC9E /* Supabase */ = {
			isa = XCSwiftPackageProductDependency;
			package = A72A6B312DB4FEA30094FC9E /* XCRemoteSwiftPackageReference "supabase-swift" */;
			productName = Supabase;
		};
/* End XCSwiftPackageProductDependency section */
	};
	rootObject = A736A8082DB2519E00ED0B6F /* Project object */;
}
